
Microsoft Visual Studio Solution File, Format Version 12.00
# Visual Studio Version 16
VisualStudioVersion = 16.0.31829.152
MinimumVisualStudioVersion = 10.0.40219.1
Project("{FAE04EC0-301F-11D3-BF4B-00C04F79EFBC}") = "Practica1_3", "Practica1_3\Practica1_3.csproj", "{DE43AC7C-EB1C-4C93-89AF-4CEA347AD4B5}"
EndProject
Global
	GlobalSection(SolutionConfigurationPlatforms) = preSolution
		Debug|Any CPU = Debug|Any CPU
		Release|Any CPU = Release|Any CPU
	EndGlobalSection
	GlobalSection(ProjectConfigurationPlatforms) = postSolution
		{DE43AC7C-EB1C-4C93-89AF-4CEA347AD4B5}.Debug|Any CPU.ActiveCfg = Debug|Any CPU
		{DE43AC7C-EB1C-4C93-89AF-4CEA347AD4B5}.Debug|Any CPU.Build.0 = Debug|Any CPU
		{DE43AC7C-EB1C-4C93-89AF-4CEA347AD4B5}.Release|Any CPU.ActiveCfg = Release|Any CPU
		{DE43AC7C-EB1C-4C93-89AF-4CEA347AD4B5}.Release|Any CPU.Build.0 = Release|Any CPU
	EndGlobalSection
	GlobalSection(SolutionProperties) = preSolution
		HideSolutionNode = FALSE
	EndGlobalSection
	GlobalSection(ExtensibilityGlobals) = postSolution
		SolutionGuid = {8627DE27-8ADD-4E09-998C-DAE1F7FBC283}
	EndGlobalSection
EndGlobal
